
Microsoft Visual Studio Solution File, Format Version 12.00
# Visual Studio Version 17
VisualStudioVersion = 17.0.32014.148
MinimumVisualStudioVersion = 10.0.40219.1
Project("{FAE04EC0-301F-11D3-BF4B-00C04F79EFBC}") = "SoftSensConf", "SoftSensConf.csproj", "{FBA4A8A1-F947-476D-AE20-08F5DDBC4335}"
EndProject
Global
	GlobalSection(SolutionConfigurationPlatforms) = preSolution
		Debug|Any CPU = Debug|Any CPU
		Release|Any CPU = Release|Any CPU
	EndGlobalSection
	GlobalSection(ProjectConfigurationPlatforms) = postSolution
		{FBA4A8A1-F947-476D-AE20-08F5DDBC4335}.Debug|Any CPU.ActiveCfg = Debug|Any CPU
		{FBA4A8A1-F947-476D-AE20-08F5DDBC4335}.Debug|Any CPU.Build.0 = Debug|Any CPU
		{FBA4A8A1-F947-476D-AE20-08F5DDBC4335}.Release|Any CPU.ActiveCfg = Release|Any CPU
		{FBA4A8A1-F947-476D-AE20-08F5DDBC4335}.Release|Any CPU.Build.0 = Release|Any CPU
	EndGlobalSection
	GlobalSection(SolutionProperties) = preSolution
		HideSolutionNode = FALSE
	EndGlobalSection
	GlobalSection(ExtensibilityGlobals) = postSolution
		SolutionGuid = {1E2E250A-8EF0-4451-AFF9-17FB7B9C7FB6}
	EndGlobalSection
EndGlobal
